// !$*UTF8*$!
{
	archiveVersion = 1;
	classes = {
	};
	objectVersion = 53;
	objects = {

/* Begin PBXBuildFile section */
		5B96C5BBFFBF0E01997B69A8 /* libPods-HuiYanODemo.a in Frameworks */ = {isa = PBXBuildFile; fileRef = F8FE958BE3619D8FE8134CAC /* libPods-HuiYanODemo.a */; };
		C2E0BDD228572ED900976F3A /* AppDelegate.m in Sources */ = {isa = PBXBuildFile; fileRef = C2E0BDD128572ED900976F3A /* AppDelegate.m */; };
		C2E0BDD528572ED900976F3A /* SceneDelegate.m in Sources */ = {isa = PBXBuildFile; fileRef = C2E0BDD428572ED900976F3A /* SceneDelegate.m */; };
		C2E0BDD828572ED900976F3A /* ViewController.m in Sources */ = {isa = PBXBuildFile; fileRef = C2E0BDD728572ED900976F3A /* ViewController.m */; };
		C2E0BDDB28572ED900976F3A /* Main.storyboard in Resources */ = {isa = PBXBuildFile; fileRef = C2E0BDD928572ED900976F3A /* Main.storyboard */; };
		C2E0BDDD28572EDA00976F3A /* Assets.xcassets in Resources */ = {isa = PBXBuildFile; fileRef = C2E0BDDC28572EDA00976F3A /* Assets.xcassets */; };
		C2E0BDE028572EDA00976F3A /* LaunchScreen.storyboard in Resources */ = {isa = PBXBuildFile; fileRef = C2E0BDDE28572EDA00976F3A /* LaunchScreen.storyboard */; };
		C2E0BDE328572EDA00976F3A /* main.m in Sources */ = {isa = PBXBuildFile; fileRef = C2E0BDE228572EDA00976F3A /* main.m */; };
		C2E0BE082857340500976F3A /* Accelerate.framework in Frameworks */ = {isa = PBXBuildFile; fileRef = C2E0BE072857340500976F3A /* Accelerate.framework */; };
/* End PBXBuildFile section */

/* Begin PBXFileReference section */
		A2D5E287810F73DF7EDF1928 /* Pods-HuiYanODemo.debug.xcconfig */ = {isa = PBXFileReference; includeInIndex = 1; lastKnownFileType = text.xcconfig; name = "Pods-HuiYanODemo.debug.xcconfig"; path = "Target Support Files/Pods-HuiYanODemo/Pods-HuiYanODemo.debug.xcconfig"; sourceTree = "<group>"; };
		C2E0BDCD28572ED900976F3A /* HuiYanODemo.app */ = {isa = PBXFileReference; explicitFileType = wrapper.application; includeInIndex = 0; path = HuiYanODemo.app; sourceTree = BUILT_PRODUCTS_DIR; };
		C2E0BDD028572ED900976F3A /* AppDelegate.h */ = {isa = PBXFileReference; lastKnownFileType = sourcecode.c.h; path = AppDelegate.h; sourceTree = "<group>"; };
		C2E0BDD128572ED900976F3A /* AppDelegate.m */ = {isa = PBXFileReference; lastKnownFileType = sourcecode.c.objc; path = AppDelegate.m; sourceTree = "<group>"; };
		C2E0BDD328572ED900976F3A /* SceneDelegate.h */ = {isa = PBXFileReference; lastKnownFileType = sourcecode.c.h; path = SceneDelegate.h; sourceTree = "<group>"; };
		C2E0BDD428572ED900976F3A /* SceneDelegate.m */ = {isa = PBXFileReference; lastKnownFileType = sourcecode.c.objc; path = SceneDelegate.m; sourceTree = "<group>"; };
		C2E0BDD628572ED900976F3A /* ViewController.h */ = {isa = PBXFileReference; lastKnownFileType = sourcecode.c.h; path = ViewController.h; sourceTree = "<group>"; };
		C2E0BDD728572ED900976F3A /* ViewController.m */ = {isa = PBXFileReference; explicitFileType = sourcecode.cpp.objcpp; path = ViewController.m; sourceTree = "<group>"; };
		C2E0BDDA28572ED900976F3A /* Base */ = {isa = PBXFileReference; lastKnownFileType = file.storyboard; name = Base; path = Base.lproj/Main.storyboard; sourceTree = "<group>"; };
		C2E0BDDC28572EDA00976F3A /* Assets.xcassets */ = {isa = PBXFileReference; lastKnownFileType = folder.assetcatalog; path = Assets.xcassets; sourceTree = "<group>"; };
		C2E0BDDF28572EDA00976F3A /* Base */ = {isa = PBXFileReference; lastKnownFileType = file.storyboard; name = Base; path = Base.lproj/LaunchScreen.storyboard; sourceTree = "<group>"; };
		C2E0BDE128572EDA00976F3A /* Info.plist */ = {isa = PBXFileReference; lastKnownFileType = text.plist.xml; path = Info.plist; sourceTree = "<group>"; };
		C2E0BDE228572EDA00976F3A /* main.m */ = {isa = PBXFileReference; lastKnownFileType = sourcecode.c.objc; path = main.m; sourceTree = "<group>"; };
		C2E0BE072857340500976F3A /* Accelerate.framework */ = {isa = PBXFileReference; lastKnownFileType = wrapper.framework; name = Accelerate.framework; path = System/Library/Frameworks/Accelerate.framework; sourceTree = SDKROOT; };
		D824BE142A9780E363943762 /* Pods-HuiYanODemo.release.xcconfig */ = {isa = PBXFileReference; includeInIndex = 1; lastKnownFileType = text.xcconfig; name = "Pods-HuiYanODemo.release.xcconfig"; path = "Target Support Files/Pods-HuiYanODemo/Pods-HuiYanODemo.release.xcconfig"; sourceTree = "<group>"; };
		F8FE958BE3619D8FE8134CAC /* libPods-HuiYanODemo.a */ = {isa = PBXFileReference; explicitFileType = archive.ar; includeInIndex = 0; path = "libPods-HuiYanODemo.a"; sourceTree = BUILT_PRODUCTS_DIR; };
/* End PBXFileReference section */

/* Begin PBXFrameworksBuildPhase section */
		C2E0BDCA28572ED900976F3A /* Frameworks */ = {
			isa = PBXFrameworksBuildPhase;
			buildActionMask = 2147483647;
			files = (
				C2E0BE082857340500976F3A /* Accelerate.framework in Frameworks */,
				5B96C5BBFFBF0E01997B69A8 /* libPods-HuiYanODemo.a in Frameworks */,
			);
			runOnlyForDeploymentPostprocessing = 0;
		};
/* End PBXFrameworksBuildPhase section */

/* Begin PBXGroup section */
		7ED92107D6D46581638B4DD7 /* Pods */ = {
			isa = PBXGroup;
			children = (
				A2D5E287810F73DF7EDF1928 /* Pods-HuiYanODemo.debug.xcconfig */,
				D824BE142A9780E363943762 /* Pods-HuiYanODemo.release.xcconfig */,
			);
			path = Pods;
			sourceTree = "<group>";
		};
		C2E0BDC428572ED900976F3A = {
			isa = PBXGroup;
			children = (
				C2E0BDCF28572ED900976F3A /* HuiYanODemo */,
				C2E0BDCE28572ED900976F3A /* Products */,
				C2E0BE062857340500976F3A /* Frameworks */,
				7ED92107D6D46581638B4DD7 /* Pods */,
			);
			sourceTree = "<group>";
		};
		C2E0BDCE28572ED900976F3A /* Products */ = {
			isa = PBXGroup;
			children = (
				C2E0BDCD28572ED900976F3A /* HuiYanODemo.app */,
			);
			name = Products;
			sourceTree = "<group>";
		};
		C2E0BDCF28572ED900976F3A /* HuiYanODemo */ = {
			isa = PBXGroup;
			children = (
				C2E0BDD028572ED900976F3A /* AppDelegate.h */,
				C2E0BDD128572ED900976F3A /* AppDelegate.m */,
				C2E0BDD328572ED900976F3A /* SceneDelegate.h */,
				C2E0BDD428572ED900976F3A /* SceneDelegate.m */,
				C2E0BDD628572ED900976F3A /* ViewController.h */,
				C2E0BDD728572ED900976F3A /* ViewController.m */,
				C2E0BDD928572ED900976F3A /* Main.storyboard */,
				C2E0BDDC28572EDA00976F3A /* Assets.xcassets */,
				C2E0BDDE28572EDA00976F3A /* LaunchScreen.storyboard */,
				C2E0BDE128572EDA00976F3A /* Info.plist */,
				C2E0BDE228572EDA00976F3A /* main.m */,
			);
			path = HuiYanODemo;
			sourceTree = "<group>";
		};
		C2E0BE062857340500976F3A /* Frameworks */ = {
			isa = PBXGroup;
			children = (
				C2E0BE072857340500976F3A /* Accelerate.framework */,
				F8FE958BE3619D8FE8134CAC /* libPods-HuiYanODemo.a */,
			);
			name = Frameworks;
			sourceTree = "<group>";
		};
/* End PBXGroup section */

/* Begin PBXNativeTarget section */
		C2E0BDCC28572ED900976F3A /* HuiYanODemo */ = {
			isa = PBXNativeTarget;
			buildConfigurationList = C2E0BDE628572EDA00976F3A /* Build configuration list for PBXNativeTarget "HuiYanODemo" */;
			buildPhases = (
				F3F88682272448489F060CA6 /* [CP] Check Pods Manifest.lock */,
				C2E0BDC928572ED900976F3A /* Sources */,
				C2E0BDCA28572ED900976F3A /* Frameworks */,
				C2E0BDCB28572ED900976F3A /* Resources */,
				451F62F7FDE6114D36D4DE25 /* [CP] Copy Pods Resources */,
			);
			buildRules = (
			);
			dependencies = (
			);
			name = HuiYanODemo;
			productName = HuiYanODemo;
			productReference = C2E0BDCD28572ED900976F3A /* HuiYanODemo.app */;
			productType = "com.apple.product-type.application";
		};
/* End PBXNativeTarget section */

/* Begin PBXProject section */
		C2E0BDC528572ED900976F3A /* Project object */ = {
			isa = PBXProject;
			attributes = {
				BuildIndependentTargetsInParallel = 1;
				LastUpgradeCheck = 1320;
				TargetAttributes = {
					C2E0BDCC28572ED900976F3A = {
						CreatedOnToolsVersion = 13.2.1;
					};
				};
			};
			buildConfigurationList = C2E0BDC828572ED900976F3A /* Build configuration list for PBXProject "HuiYanODemo" */;
			compatibilityVersion = "Xcode 9.3";
			developmentRegion = en;
			hasScannedForEncodings = 0;
			knownRegions = (
				en,
				Base,
			);
			mainGroup = C2E0BDC428572ED900976F3A;
			productRefGroup = C2E0BDCE28572ED900976F3A /* Products */;
			projectDirPath = "";
			projectRoot = "";
			targets = (
				C2E0BDCC28572ED900976F3A /* HuiYanODemo */,
			);
		};
/* End PBXProject section */

/* Begin PBXResourcesBuildPhase section */
		C2E0BDCB28572ED900976F3A /* Resources */ = {
			isa = PBXResourcesBuildPhase;
			buildActionMask = 2147483647;
			files = (
				C2E0BDE028572EDA00976F3A /* LaunchScreen.storyboard in Resources */,
				C2E0BDDD28572EDA00976F3A /* Assets.xcassets in Resources */,
				C2E0BDDB28572ED900976F3A /* Main.storyboard in Resources */,
			);
			runOnlyForDeploymentPostprocessing = 0;
		};
/* End PBXResourcesBuildPhase section */

/* Begin PBXShellScriptBuildPhase section */
		451F62F7FDE6114D36D4DE25 /* [CP] Copy Pods Resources */ = {
			isa = PBXShellScriptBuildPhase;
			buildActionMask = 2147483647;
			files = (
			);
			inputFileListPaths = (
				"${PODS_ROOT}/Target Support Files/Pods-HuiYanODemo/Pods-HuiYanODemo-resources-${CONFIGURATION}-input-files.xcfilelist",
			);
			name = "[CP] Copy Pods Resources";
			outputFileListPaths = (
				"${PODS_ROOT}/Target Support Files/Pods-HuiYanODemo/Pods-HuiYanODemo-resources-${CONFIGURATION}-output-files.xcfilelist",
			);
			runOnlyForDeploymentPostprocessing = 0;
			shellPath = /bin/sh;
			shellScript = "\"${PODS_ROOT}/Target Support Files/Pods-HuiYanODemo/Pods-HuiYanODemo-resources.sh\"\n";
			showEnvVarsInLog = 0;
		};
		F3F88682272448489F060CA6 /* [CP] Check Pods Manifest.lock */ = {
			isa = PBXShellScriptBuildPhase;
			buildActionMask = 2147483647;
			files = (
			);
			inputFileListPaths = (
			);
			inputPaths = (
				"${PODS_PODFILE_DIR_PATH}/Podfile.lock",
				"${PODS_ROOT}/Manifest.lock",
			);
			name = "[CP] Check Pods Manifest.lock";
			outputFileListPaths = (
			);
			outputPaths = (
				"$(DERIVED_FILE_DIR)/Pods-HuiYanODemo-checkManifestLockResult.txt",
			);
			runOnlyForDeploymentPostprocessing = 0;
			shellPath = /bin/sh;
			shellScript = "diff \"${PODS_PODFILE_DIR_PATH}/Podfile.lock\" \"${PODS_ROOT}/Manifest.lock\" > /dev/null\nif [ $? != 0 ] ; then\n    # print error to STDERR\n    echo \"error: The sandbox is not in sync with the Podfile.lock. Run 'pod install' or update your CocoaPods installation.\" >&2\n    exit 1\nfi\n# This output is used by Xcode 'outputs' to avoid re-running this script phase.\necho \"SUCCESS\" > \"${SCRIPT_OUTPUT_FILE_0}\"\n";
			showEnvVarsInLog = 0;
		};
/* End PBXShellScriptBuildPhase section */

/* Begin PBXSourcesBuildPhase section */
		C2E0BDC928572ED900976F3A /* Sources */ = {
			isa = PBXSourcesBuildPhase;
			buildActionMask = 2147483647;
			files = (
				C2E0BDD828572ED900976F3A /* ViewController.m in Sources */,
				C2E0BDD228572ED900976F3A /* AppDelegate.m in Sources */,
				C2E0BDE328572EDA00976F3A /* main.m in Sources */,
				C2E0BDD528572ED900976F3A /* SceneDelegate.m in Sources */,
			);
			runOnlyForDeploymentPostprocessing = 0;
		};
/* End PBXSourcesBuildPhase section */

/* Begin PBXVariantGroup section */
		C2E0BDD928572ED900976F3A /* Main.storyboard */ = {
			isa = PBXVariantGroup;
			children = (
				C2E0BDDA28572ED900976F3A /* Base */,
			);
			name = Main.storyboard;
			sourceTree = "<group>";
		};
		C2E0BDDE28572EDA00976F3A /* LaunchScreen.storyboard */ = {
			isa = PBXVariantGroup;
			children = (
				C2E0BDDF28572EDA00976F3A /* Base */,
			);
			name = LaunchScreen.storyboard;
			sourceTree = "<group>";
		};
/* End PBXVariantGroup section */

/* Begin XCBuildConfiguration section */
		C2E0BDE428572EDA00976F3A /* Debug */ = {
			isa = XCBuildConfiguration;
			buildSettings = {
				ALWAYS_SEARCH_USER_PATHS = NO;
				CLANG_ANALYZER_NONNULL = YES;
				CLANG_ANALYZER_NUMBER_OBJECT_CONVERSION = YES_AGGRESSIVE;
				CLANG_CXX_LANGUAGE_STANDARD = "gnu++17";
				CLANG_CXX_LIBRARY = "libc++";
				CLANG_ENABLE_MODULES = YES;
				CLANG_ENABLE_OBJC_ARC = YES;
				CLANG_ENABLE_OBJC_WEAK = YES;
				CLANG_WARN_BLOCK_CAPTURE_AUTORELEASING = YES;
				CLANG_WARN_BOOL_CONVERSION = YES;
				CLANG_WARN_COMMA = YES;
				CLANG_WARN_CONSTANT_CONVERSION = YES;
				CLANG_WARN_DEPRECATED_OBJC_IMPLEMENTATIONS = YES;
				CLANG_WARN_DIRECT_OBJC_ISA_USAGE = YES_ERROR;
				CLANG_WARN_DOCUMENTATION_COMMENTS = YES;
				CLANG_WARN_EMPTY_BODY = YES;
				CLANG_WARN_ENUM_CONVERSION = YES;
				CLANG_WARN_INFINITE_RECURSION = YES;
				CLANG_WARN_INT_CONVERSION = YES;
				CLANG_WARN_NON_LITERAL_NULL_CONVERSION = YES;
				CLANG_WARN_OBJC_IMPLICIT_RETAIN_SELF = YES;
				CLANG_WARN_OBJC_LITERAL_CONVERSION = YES;
				CLANG_WARN_OBJC_ROOT_CLASS = YES_ERROR;
				CLANG_WARN_QUOTED_INCLUDE_IN_FRAMEWORK_HEADER = YES;
				CLANG_WARN_RANGE_LOOP_ANALYSIS = YES;
				CLANG_WARN_STRICT_PROTOTYPES = YES;
				CLANG_WARN_SUSPICIOUS_MOVE = YES;
				CLANG_WARN_UNGUARDED_AVAILABILITY = YES_AGGRESSIVE;
				CLANG_WARN_UNREACHABLE_CODE = YES;
				CLANG_WARN__DUPLICATE_METHOD_MATCH = YES;
				COPY_PHASE_STRIP = NO;
				DEBUG_INFORMATION_FORMAT = dwarf;
				ENABLE_STRICT_OBJC_MSGSEND = YES;
				ENABLE_TESTABILITY = YES;
				GCC_C_LANGUAGE_STANDARD = gnu11;
				GCC_DYNAMIC_NO_PIC = NO;
				GCC_NO_COMMON_BLOCKS = YES;
				GCC_OPTIMIZATION_LEVEL = 0;
				GCC_PREPROCESSOR_DEFINITIONS = (
					"DEBUG=1",
					"$(inherited)",
				);
				GCC_WARN_64_TO_32_BIT_CONVERSION = YES;
				GCC_WARN_ABOUT_RETURN_TYPE = YES_ERROR;
				GCC_WARN_UNDECLARED_SELECTOR = YES;
				GCC_WARN_UNINITIALIZED_AUTOS = YES_AGGRESSIVE;
				GCC_WARN_UNUSED_FUNCTION = YES;
				GCC_WARN_UNUSED_VARIABLE = YES;
				IPHONEOS_DEPLOYMENT_TARGET = 15.2;
				MTL_ENABLE_DEBUG_INFO = INCLUDE_SOURCE;
				MTL_FAST_MATH = YES;
				ONLY_ACTIVE_ARCH = YES;
				SDKROOT = iphoneos;
			};
			name = Debug;
		};
		C2E0BDE528572EDA00976F3A /* Release */ = {
			isa = XCBuildConfiguration;
			buildSettings = {
				ALWAYS_SEARCH_USER_PATHS = NO;
				CLANG_ANALYZER_NONNULL = YES;
				CLANG_ANALYZER_NUMBER_OBJECT_CONVERSION = YES_AGGRESSIVE;
				CLANG_CXX_LANGUAGE_STANDARD = "gnu++17";
				CLANG_CXX_LIBRARY = "libc++";
				CLANG_ENABLE_MODULES = YES;
				CLANG_ENABLE_OBJC_ARC = YES;
				CLANG_ENABLE_OBJC_WEAK = YES;
				CLANG_WARN_BLOCK_CAPTURE_AUTORELEASING = YES;
				CLANG_WARN_BOOL_CONVERSION = YES;
				CLANG_WARN_COMMA = YES;
				CLANG_WARN_CONSTANT_CONVERSION = YES;
				CLANG_WARN_DEPRECATED_OBJC_IMPLEMENTATIONS = YES;
				CLANG_WARN_DIRECT_OBJC_ISA_USAGE = YES_ERROR;
				CLANG_WARN_DOCUMENTATION_COMMENTS = YES;
				CLANG_WARN_EMPTY_BODY = YES;
				CLANG_WARN_ENUM_CONVERSION = YES;
				CLANG_WARN_INFINITE_RECURSION = YES;
				CLANG_WARN_INT_CONVERSION = YES;
				CLANG_WARN_NON_LITERAL_NULL_CONVERSION = YES;
				CLANG_WARN_OBJC_IMPLICIT_RETAIN_SELF = YES;
				CLANG_WARN_OBJC_LITERAL_CONVERSION = YES;
				CLANG_WARN_OBJC_ROOT_CLASS = YES_ERROR;
				CLANG_WARN_QUOTED_INCLUDE_IN_FRAMEWORK_HEADER = YES;
				CLANG_WARN_RANGE_LOOP_ANALYSIS = YES;
				CLANG_WARN_STRICT_PROTOTYPES = YES;
				CLANG_WARN_SUSPICIOUS_MOVE = YES;
				CLANG_WARN_UNGUARDED_AVAILABILITY = YES_AGGRESSIVE;
				CLANG_WARN_UNREACHABLE_CODE = YES;
				CLANG_WARN__DUPLICATE_METHOD_MATCH = YES;
				COPY_PHASE_STRIP = NO;
				DEBUG_INFORMATION_FORMAT = "dwarf-with-dsym";
				ENABLE_NS_ASSERTIONS = NO;
				ENABLE_STRICT_OBJC_MSGSEND = YES;
				GCC_C_LANGUAGE_STANDARD = gnu11;
				GCC_NO_COMMON_BLOCKS = YES;
				GCC_WARN_64_TO_32_BIT_CONVERSION = YES;
				GCC_WARN_ABOUT_RETURN_TYPE = YES_ERROR;
				GCC_WARN_UNDECLARED_SELECTOR = YES;
				GCC_WARN_UNINITIALIZED_AUTOS = YES_AGGRESSIVE;
				GCC_WARN_UNUSED_FUNCTION = YES;
				GCC_WARN_UNUSED_VARIABLE = YES;
				IPHONEOS_DEPLOYMENT_TARGET = 15.2;
				MTL_ENABLE_DEBUG_INFO = NO;
				MTL_FAST_MATH = YES;
				SDKROOT = iphoneos;
				VALIDATE_PRODUCT = YES;
			};
			name = Release;
		};
		C2E0BDE728572EDA00976F3A /* Debug */ = {
			isa = XCBuildConfiguration;
			baseConfigurationReference = A2D5E287810F73DF7EDF1928 /* Pods-HuiYanODemo.debug.xcconfig */;
			buildSettings = {
				ASSETCATALOG_COMPILER_APPICON_NAME = AppIcon;
				ASSETCATALOG_COMPILER_GLOBAL_ACCENT_COLOR_NAME = AccentColor;
				CODE_SIGN_STYLE = Automatic;
				CURRENT_PROJECT_VERSION = 1;
				DEVELOPMENT_TEAM = "";
				FRAMEWORK_SEARCH_PATHS = (
					"$(inherited)",
					"$(PROJECT_DIR)/HuiYanOFW",
				);
				GENERATE_INFOPLIST_FILE = YES;
				INFOPLIST_FILE = HuiYanODemo/Info.plist;
				INFOPLIST_KEY_NSCameraUsageDescription = "访问相机";
				INFOPLIST_KEY_NSPhotoLibraryUsageDescription = "访问相册";
				INFOPLIST_KEY_UIApplicationSupportsIndirectInputEvents = YES;
				INFOPLIST_KEY_UILaunchStoryboardName = LaunchScreen;
				INFOPLIST_KEY_UIMainStoryboardFile = Main;
				INFOPLIST_KEY_UISupportedInterfaceOrientations_iPad = "UIInterfaceOrientationPortrait UIInterfaceOrientationPortraitUpsideDown UIInterfaceOrientationLandscapeLeft UIInterfaceOrientationLandscapeRight";
				INFOPLIST_KEY_UISupportedInterfaceOrientations_iPhone = "UIInterfaceOrientationPortrait UIInterfaceOrientationLandscapeLeft UIInterfaceOrientationLandscapeRight";
				IPHONEOS_DEPLOYMENT_TARGET = 9.0;
				LD_RUNPATH_SEARCH_PATHS = (
					"$(inherited)",
					"@executable_path/Frameworks",
				);
				MARKETING_VERSION = 1.0;
				OTHER_LDFLAGS = (
					"-ObjC",
					"$(inherited)",
				);
				PRODUCT_BUNDLE_IDENTIFIER = com.tencent.cloud.huiyan.overseas;
				PRODUCT_NAME = "$(TARGET_NAME)";
				SWIFT_EMIT_LOC_STRINGS = YES;
				TARGETED_DEVICE_FAMILY = "1,2";
			};
			name = Debug;
		};
		C2E0BDE828572EDA00976F3A /* Release */ = {
			isa = XCBuildConfiguration;
			baseConfigurationReference = D824BE142A9780E363943762 /* Pods-HuiYanODemo.release.xcconfig */;
			buildSettings = {
				ASSETCATALOG_COMPILER_APPICON_NAME = AppIcon;
				ASSETCATALOG_COMPILER_GLOBAL_ACCENT_COLOR_NAME = AccentColor;
				CODE_SIGN_STYLE = Automatic;
				CURRENT_PROJECT_VERSION = 1;
				DEVELOPMENT_TEAM = "";
				FRAMEWORK_SEARCH_PATHS = (
					"$(inherited)",
					"$(PROJECT_DIR)/HuiYanOFW",
				);
				GENERATE_INFOPLIST_FILE = YES;
				INFOPLIST_FILE = HuiYanODemo/Info.plist;
				INFOPLIST_KEY_NSCameraUsageDescription = "访问相机";
				INFOPLIST_KEY_NSPhotoLibraryUsageDescription = "访问相册";
				INFOPLIST_KEY_UIApplicationSupportsIndirectInputEvents = YES;
				INFOPLIST_KEY_UILaunchStoryboardName = LaunchScreen;
				INFOPLIST_KEY_UIMainStoryboardFile = Main;
				INFOPLIST_KEY_UISupportedInterfaceOrientations_iPad = "UIInterfaceOrientationPortrait UIInterfaceOrientationPortraitUpsideDown UIInterfaceOrientationLandscapeLeft UIInterfaceOrientationLandscapeRight";
				INFOPLIST_KEY_UISupportedInterfaceOrientations_iPhone = "UIInterfaceOrientationPortrait UIInterfaceOrientationLandscapeLeft UIInterfaceOrientationLandscapeRight";
				IPHONEOS_DEPLOYMENT_TARGET = 9.0;
				LD_RUNPATH_SEARCH_PATHS = (
					"$(inherited)",
					"@executable_path/Frameworks",
				);
				MARKETING_VERSION = 1.0;
				OTHER_LDFLAGS = (
					"-ObjC",
					"$(inherited)",
				);
				PRODUCT_BUNDLE_IDENTIFIER = com.tencent.cloud.huiyan.overseas;
				PRODUCT_NAME = "$(TARGET_NAME)";
				SWIFT_EMIT_LOC_STRINGS = YES;
				TARGETED_DEVICE_FAMILY = "1,2";
			};
			name = Release;
		};
/* End XCBuildConfiguration section */

/* Begin XCConfigurationList section */
		C2E0BDC828572ED900976F3A /* Build configuration list for PBXProject "HuiYanODemo" */ = {
			isa = XCConfigurationList;
			buildConfigurations = (
				C2E0BDE428572EDA00976F3A /* Debug */,
				C2E0BDE528572EDA00976F3A /* Release */,
			);
			defaultConfigurationIsVisible = 0;
			defaultConfigurationName = Release;
		};
		C2E0BDE628572EDA00976F3A /* Build configuration list for PBXNativeTarget "HuiYanODemo" */ = {
			isa = XCConfigurationList;
			buildConfigurations = (
				C2E0BDE728572EDA00976F3A /* Debug */,
				C2E0BDE828572EDA00976F3A /* Release */,
			);
			defaultConfigurationIsVisible = 0;
			defaultConfigurationName = Release;
		};
/* End XCConfigurationList section */
	};
	rootObject = C2E0BDC528572ED900976F3A /* Project object */;
}
